# This file is automatically @generated by Cargo.
# It is not intended for manual editing.
version = 3

[[package]]
name = "brooksmtownsend-smartrelease-demo-mybin"
version = "0.1.0"
dependencies = [
 "brooksmtownsend-smartrelease-demo-myliba",
 "brooksmtownsend-smartrelease-demo-mylibb",
]

[[package]]
name = "brooksmtownsend-smartrelease-demo-myliba"
version = "0.1.0"
dependencies = [
 "brooksmtownsend-smartrelease-demo-mylibb",
]

[[package]]
name = "brooksmtownsend-smartrelease-demo-mylibb"
version = "0.1.0"
dependencies = [
 "brooksmtownsend-smartrelease-demo-mylibc",
]

[[package]]
name = "brooksmtownsend-smartrelease-demo-mylibc"
version = "0.1.0"
